
Microsoft Visual Studio Solution File, Format Version 12.00
# Visual Studio 2012
Project("{FAE04EC0-301F-11D3-BF4B-00C04F79EFBC}") = "CallNodeApi", "CallNodeApi.csproj", "{4B8D26B7-F7D4-4277-A5D1-9F51BC404EAC}"
EndProject
Project("{FAE04EC0-301F-11D3-BF4B-00C04F79EFBC}") = "CallNodeApi.iOS", "iOS\CallNodeApi.iOS.csproj", "{62C99C3D-5F84-4A12-AA41-973470F6402C}"
EndProject
Project("{FAE04EC0-301F-11D3-BF4B-00C04F79EFBC}") = "CallNodeApi.Droid", "Droid\CallNodeApi.Droid.csproj", "{1054D2FF-ED56-472A-A42D-B743F35C8BAE}"
EndProject
Project("{FAE04EC0-301F-11D3-BF4B-00C04F79EFBC}") = "CallNodeApi.UITests", "UITests\CallNodeApi.UITests.csproj", "{AADBE6E7-6E77-4531-B301-565C9917833C}"
EndProject
Global
	GlobalSection(SolutionConfigurationPlatforms) = preSolution
		Debug|Any CPU = Debug|Any CPU
		Release|Any CPU = Release|Any CPU
		Debug|iPhoneSimulator = Debug|iPhoneSimulator
		Release|iPhone = Release|iPhone
		Release|iPhoneSimulator = Release|iPhoneSimulator
		Debug|iPhone = Debug|iPhone
	EndGlobalSection
	GlobalSection(ProjectConfigurationPlatforms) = postSolution
		{1054D2FF-ED56-472A-A42D-B743F35C8BAE}.Debug|Any CPU.ActiveCfg = Debug|Any CPU
		{1054D2FF-ED56-472A-A42D-B743F35C8BAE}.Debug|Any CPU.Build.0 = Debug|Any CPU
		{1054D2FF-ED56-472A-A42D-B743F35C8BAE}.Debug|iPhone.ActiveCfg = Debug|Any CPU
		{1054D2FF-ED56-472A-A42D-B743F35C8BAE}.Debug|iPhone.Build.0 = Debug|Any CPU
		{1054D2FF-ED56-472A-A42D-B743F35C8BAE}.Debug|iPhoneSimulator.ActiveCfg = Debug|Any CPU
		{1054D2FF-ED56-472A-A42D-B743F35C8BAE}.Debug|iPhoneSimulator.Build.0 = Debug|Any CPU
		{1054D2FF-ED56-472A-A42D-B743F35C8BAE}.Release|Any CPU.ActiveCfg = Release|Any CPU
		{1054D2FF-ED56-472A-A42D-B743F35C8BAE}.Release|Any CPU.Build.0 = Release|Any CPU
		{1054D2FF-ED56-472A-A42D-B743F35C8BAE}.Release|iPhone.ActiveCfg = Release|Any CPU
		{1054D2FF-ED56-472A-A42D-B743F35C8BAE}.Release|iPhone.Build.0 = Release|Any CPU
		{1054D2FF-ED56-472A-A42D-B743F35C8BAE}.Release|iPhoneSimulator.ActiveCfg = Release|Any CPU
		{1054D2FF-ED56-472A-A42D-B743F35C8BAE}.Release|iPhoneSimulator.Build.0 = Release|Any CPU
		{4B8D26B7-F7D4-4277-A5D1-9F51BC404EAC}.Debug|Any CPU.ActiveCfg = Debug|Any CPU
		{4B8D26B7-F7D4-4277-A5D1-9F51BC404EAC}.Debug|Any CPU.Build.0 = Debug|Any CPU
		{4B8D26B7-F7D4-4277-A5D1-9F51BC404EAC}.Debug|iPhone.ActiveCfg = Debug|Any CPU
		{4B8D26B7-F7D4-4277-A5D1-9F51BC404EAC}.Debug|iPhone.Build.0 = Debug|Any CPU
		{4B8D26B7-F7D4-4277-A5D1-9F51BC404EAC}.Debug|iPhoneSimulator.ActiveCfg = Debug|Any CPU
		{4B8D26B7-F7D4-4277-A5D1-9F51BC404EAC}.Debug|iPhoneSimulator.Build.0 = Debug|Any CPU
		{4B8D26B7-F7D4-4277-A5D1-9F51BC404EAC}.Release|Any CPU.ActiveCfg = Release|Any CPU
		{4B8D26B7-F7D4-4277-A5D1-9F51BC404EAC}.Release|Any CPU.Build.0 = Release|Any CPU
		{4B8D26B7-F7D4-4277-A5D1-9F51BC404EAC}.Release|iPhone.ActiveCfg = Release|Any CPU
		{4B8D26B7-F7D4-4277-A5D1-9F51BC404EAC}.Release|iPhone.Build.0 = Release|Any CPU
		{4B8D26B7-F7D4-4277-A5D1-9F51BC404EAC}.Release|iPhoneSimulator.ActiveCfg = Release|Any CPU
		{4B8D26B7-F7D4-4277-A5D1-9F51BC404EAC}.Release|iPhoneSimulator.Build.0 = Release|Any CPU
		{62C99C3D-5F84-4A12-AA41-973470F6402C}.Debug|Any CPU.ActiveCfg = Debug|iPhoneSimulator
		{62C99C3D-5F84-4A12-AA41-973470F6402C}.Debug|Any CPU.Build.0 = Debug|iPhoneSimulator
		{62C99C3D-5F84-4A12-AA41-973470F6402C}.Debug|iPhone.ActiveCfg = Debug|iPhone
		{62C99C3D-5F84-4A12-AA41-973470F6402C}.Debug|iPhone.Build.0 = Debug|iPhone
		{62C99C3D-5F84-4A12-AA41-973470F6402C}.Debug|iPhoneSimulator.ActiveCfg = Debug|iPhoneSimulator
		{62C99C3D-5F84-4A12-AA41-973470F6402C}.Debug|iPhoneSimulator.Build.0 = Debug|iPhoneSimulator
		{62C99C3D-5F84-4A12-AA41-973470F6402C}.Release|Any CPU.ActiveCfg = Release|iPhone
		{62C99C3D-5F84-4A12-AA41-973470F6402C}.Release|Any CPU.Build.0 = Release|iPhone
		{62C99C3D-5F84-4A12-AA41-973470F6402C}.Release|iPhone.ActiveCfg = Release|iPhone
		{62C99C3D-5F84-4A12-AA41-973470F6402C}.Release|iPhone.Build.0 = Release|iPhone
		{62C99C3D-5F84-4A12-AA41-973470F6402C}.Release|iPhoneSimulator.ActiveCfg = Release|iPhoneSimulator
		{62C99C3D-5F84-4A12-AA41-973470F6402C}.Release|iPhoneSimulator.Build.0 = Release|iPhoneSimulator
		{AADBE6E7-6E77-4531-B301-565C9917833C}.Debug|Any CPU.ActiveCfg = Debug|Any CPU
		{AADBE6E7-6E77-4531-B301-565C9917833C}.Debug|Any CPU.Build.0 = Debug|Any CPU
		{AADBE6E7-6E77-4531-B301-565C9917833C}.Debug|iPhone.ActiveCfg = Debug|Any CPU
		{AADBE6E7-6E77-4531-B301-565C9917833C}.Debug|iPhone.Build.0 = Debug|Any CPU
		{AADBE6E7-6E77-4531-B301-565C9917833C}.Debug|iPhoneSimulator.ActiveCfg = Debug|Any CPU
		{AADBE6E7-6E77-4531-B301-565C9917833C}.Debug|iPhoneSimulator.Build.0 = Debug|Any CPU
		{AADBE6E7-6E77-4531-B301-565C9917833C}.Release|Any CPU.ActiveCfg = Release|Any CPU
		{AADBE6E7-6E77-4531-B301-565C9917833C}.Release|Any CPU.Build.0 = Release|Any CPU
		{AADBE6E7-6E77-4531-B301-565C9917833C}.Release|iPhone.ActiveCfg = Release|Any CPU
		{AADBE6E7-6E77-4531-B301-565C9917833C}.Release|iPhone.Build.0 = Release|Any CPU
		{AADBE6E7-6E77-4531-B301-565C9917833C}.Release|iPhoneSimulator.ActiveCfg = Release|Any CPU
		{AADBE6E7-6E77-4531-B301-565C9917833C}.Release|iPhoneSimulator.Build.0 = Release|Any CPU
	EndGlobalSection
EndGlobal
